
Microsoft Visual Studio Solution File, Format Version 12.00
# Visual Studio 15
VisualStudioVersion = 15.0.28307.1209
MinimumVisualStudioVersion = 10.0.40219.1
Project("{FAE04EC0-301F-11D3-BF4B-00C04F79EFBC}") = "StopWatch", "StopWatch\StopWatch.csproj", "{A65B06C7-4150-42D7-8BC0-C4B39407E08B}"
EndProject
Global
	GlobalSection(SolutionConfigurationPlatforms) = preSolution
		Debug|Any CPU = Debug|Any CPU
		Release|Any CPU = Release|Any CPU
	EndGlobalSection
	GlobalSection(ProjectConfigurationPlatforms) = postSolution
		{A65B06C7-4150-42D7-8BC0-C4B39407E08B}.Debug|Any CPU.ActiveCfg = Debug|Any CPU
		{A65B06C7-4150-42D7-8BC0-C4B39407E08B}.Debug|Any CPU.Build.0 = Debug|Any CPU
		{A65B06C7-4150-42D7-8BC0-C4B39407E08B}.Release|Any CPU.ActiveCfg = Release|Any CPU
		{A65B06C7-4150-42D7-8BC0-C4B39407E08B}.Release|Any CPU.Build.0 = Release|Any CPU
	EndGlobalSection
	GlobalSection(SolutionProperties) = preSolution
		HideSolutionNode = FALSE
	EndGlobalSection
	GlobalSection(ExtensibilityGlobals) = postSolution
		SolutionGuid = {58756340-9FAE-45F4-A1F5-513AC7F1D4B3}
	EndGlobalSection
EndGlobal
